{
    "_readme": [
        "This file locks the dependencies of your project to a known state",
        "Read more about it at https://getcomposer.org/doc/01-basic-usage.md#installing-dependencies",
        "This file is @generated automatically"
    ],
    "content-hash": "301dafa816dfb1aa7bce8a803f6be4db",
    "packages": [
        {
            "name": "xentixar/esewa-sdk",
            "version": "v1.0.02",
            "source": {
                "type": "git",
                "url": "https://github.com/xentixar/esewa-sdk.git",
                "reference": "3a6addba80659eb0dbd40fb67b864984e3ae300d"
            },
            "dist": {
                "type": "zip",
                "url": "https://api.github.com/repos/xentixar/esewa-sdk/zipball/3a6addba80659eb0dbd40fb67b864984e3ae300d",
                "reference": "3a6addba80659eb0dbd40fb67b864984e3ae300d",
                "shasum": ""
            },
            "type": "library",
            "autoload": {
                "psr-4": {
                    "Xentixar\\EsewaSdk\\": "src/"
                }
            },
            "notification-url": "https://packagist.org/downloads/",
            "license": [
                "MIT"
            ],
            "authors": [
                {
                    "name": "xentixar",
                    "email": "xentixar@gmail.com"
                }
            ],
            "support": {
                "issues": "https://github.com/xentixar/esewa-sdk/issues",
                "source": "https://github.com/xentixar/esewa-sdk/tree/v1.0.02"
            },
            "time": "2024-06-18T15:06:43+00:00"
        }
    ],
    "packages-dev": [],
    "aliases": [],
    "minimum-stability": "stable",
    "stability-flags": [],
    "prefer-stable": false,
    "prefer-lowest": false,
    "platform": [],
    "platform-dev": [],
    "plugin-api-version": "2.6.0"
}
